
Microsoft Visual Studio Solution File, Format Version 12.00
# Visual Studio Version 16
VisualStudioVersion = 16.0.32602.291
MinimumVisualStudioVersion = 10.0.40219.1
Project("{FAE04EC0-301F-11D3-BF4B-00C04F79EFBC}") = "u_api", "u_api.csproj", "{B9F9B52A-B37E-48C0-9403-579D76ACC3FA}"
EndProject
Global
	GlobalSection(SolutionConfigurationPlatforms) = preSolution
		Debug|Any CPU = Debug|Any CPU
		Release|Any CPU = Release|Any CPU
	EndGlobalSection
	GlobalSection(ProjectConfigurationPlatforms) = postSolution
		{B9F9B52A-B37E-48C0-9403-579D76ACC3FA}.Debug|Any CPU.ActiveCfg = Debug|Any CPU
		{B9F9B52A-B37E-48C0-9403-579D76ACC3FA}.Debug|Any CPU.Build.0 = Debug|Any CPU
		{B9F9B52A-B37E-48C0-9403-579D76ACC3FA}.Release|Any CPU.ActiveCfg = Release|Any CPU
		{B9F9B52A-B37E-48C0-9403-579D76ACC3FA}.Release|Any CPU.Build.0 = Release|Any CPU
	EndGlobalSection
	GlobalSection(SolutionProperties) = preSolution
		HideSolutionNode = FALSE
	EndGlobalSection
	GlobalSection(ExtensibilityGlobals) = postSolution
		SolutionGuid = {33007036-1DA2-47B2-A19C-A362D553E5C7}
	EndGlobalSection
EndGlobal
